// !$*UTF8*$!
{
	archiveVersion = 1;
	classes = {
	};
	objectVersion = 46;
	objects = {

/* Begin PBXBuildFile section */
		1F4B9A291BD1FC7500F8F503 /* ValidateUser.swift in Sources */ = {isa = PBXBuildFile; fileRef = 1F4B9A281BD1FC7500F8F503 /* ValidateUser.swift */; };
		1F4B9A2B1BD1FC8E00F8F503 /* SwiftyJSON.swift in Sources */ = {isa = PBXBuildFile; fileRef = 1F4B9A2A1BD1FC8E00F8F503 /* SwiftyJSON.swift */; };
		1FC2A1EF1BEC55D1002D0CF9 /* EventsViewController.swift in Sources */ = {isa = PBXBuildFile; fileRef = 1FC2A1EE1BEC55D1002D0CF9 /* EventsViewController.swift */; };
		1FC400001BCF2F2D006D4A58 /* PartyListerUITests.swift in Sources */ = {isa = PBXBuildFile; fileRef = 1FC4FFFF1BCF2F2D006D4A58 /* PartyListerUITests.swift */; };
		1FC4FFDE1BCF2F2B006D4A58 /* AppDelegate.swift in Sources */ = {isa = PBXBuildFile; fileRef = 1FC4FFDD1BCF2F2B006D4A58 /* AppDelegate.swift */; };
		1FC4FFE01BCF2F2B006D4A58 /* EventsDisplayViewController.swift in Sources */ = {isa = PBXBuildFile; fileRef = 1FC4FFDF1BCF2F2B006D4A58 /* EventsDisplayViewController.swift */; };
		1FC4FFE51BCF2F2B006D4A58 /* Main.storyboard in Resources */ = {isa = PBXBuildFile; fileRef = 1FC4FFE31BCF2F2B006D4A58 /* Main.storyboard */; };
		1FC4FFE71BCF2F2C006D4A58 /* Assets.xcassets in Resources */ = {isa = PBXBuildFile; fileRef = 1FC4FFE61BCF2F2C006D4A58 /* Assets.xcassets */; };
		1FC4FFEA1BCF2F2C006D4A58 /* LaunchScreen.storyboard in Resources */ = {isa = PBXBuildFile; fileRef = 1FC4FFE81BCF2F2C006D4A58 /* LaunchScreen.storyboard */; };
		1FC4FFF51BCF2F2C006D4A58 /* PartyListerTests.swift in Sources */ = {isa = PBXBuildFile; fileRef = 1FC4FFF41BCF2F2C006D4A58 /* PartyListerTests.swift */; };
		1FDCC2041BDD781200688F70 /* Event.swift in Sources */ = {isa = PBXBuildFile; fileRef = 1FDCC2031BDD781200688F70 /* Event.swift */; };
		1FDCC2061BDD7FCB00688F70 /* CreateEventViewController.swift in Sources */ = {isa = PBXBuildFile; fileRef = 1FDCC2051BDD7FCB00688F70 /* CreateEventViewController.swift */; };
		1FDCC2081BDD8B2500688F70 /* LibraryAPI.swift in Sources */ = {isa = PBXBuildFile; fileRef = 1FDCC2071BDD8B2500688F70 /* LibraryAPI.swift */; };
		1FDCC20C1BDD91ED00688F70 /* PersistencyManager.swift in Sources */ = {isa = PBXBuildFile; fileRef = 1FDCC20B1BDD91ED00688F70 /* PersistencyManager.swift */; };
		1FDCC20E1BDD91FB00688F70 /* HTTPClient.swift in Sources */ = {isa = PBXBuildFile; fileRef = 1FDCC20D1BDD91FB00688F70 /* HTTPClient.swift */; };
		7C3017211BE862CB00A6CD0C /* Alamofire.framework in Frameworks */ = {isa = PBXBuildFile; fileRef = 7C3017141BE862B300A6CD0C /* Alamofire.framework */; };
		7C3017221BE862CB00A6CD0C /* Alamofire.framework in Embed Frameworks */ = {isa = PBXBuildFile; fileRef = 7C3017141BE862B300A6CD0C /* Alamofire.framework */; settings = {ATTRIBUTES = (CodeSignOnCopy, RemoveHeadersOnCopy, ); }; };
		7C6CCB8D1BE733CF00DF130D /* LoginAndNewAccViewController.swift in Sources */ = {isa = PBXBuildFile; fileRef = 7C6CCB8C1BE733CF00DF130D /* LoginAndNewAccViewController.swift */; };
/* End PBXBuildFile section */

/* Begin PBXContainerItemProxy section */
		1FC4FFF11BCF2F2C006D4A58 /* PBXContainerItemProxy */ = {
			isa = PBXContainerItemProxy;
			containerPortal = 1FC4FFD21BCF2F2A006D4A58 /* Project object */;
			proxyType = 1;
			remoteGlobalIDString = 1FC4FFD91BCF2F2A006D4A58;
			remoteInfo = PartyLister;
		};
		1FC4FFFC1BCF2F2D006D4A58 /* PBXContainerItemProxy */ = {
			isa = PBXContainerItemProxy;
			containerPortal = 1FC4FFD21BCF2F2A006D4A58 /* Project object */;
			proxyType = 1;
			remoteGlobalIDString = 1FC4FFD91BCF2F2A006D4A58;
			remoteInfo = PartyLister;
		};
		7C3017131BE862B300A6CD0C /* PBXContainerItemProxy */ = {
			isa = PBXContainerItemProxy;
			containerPortal = 7C3017091BE862B300A6CD0C /* Alamofire.xcodeproj */;
			proxyType = 2;
			remoteGlobalIDString = F8111E3319A95C8B0040E7D1;
			remoteInfo = "Alamofire iOS";
		};
		7C3017151BE862B300A6CD0C /* PBXContainerItemProxy */ = {
			isa = PBXContainerItemProxy;
			containerPortal = 7C3017091BE862B300A6CD0C /* Alamofire.xcodeproj */;
			proxyType = 2;
			remoteGlobalIDString = F8111E3E19A95C8B0040E7D1;
			remoteInfo = "Alamofire iOS Tests";
		};
		7C3017231BE862CB00A6CD0C /* PBXContainerItemProxy */ = {
			isa = PBXContainerItemProxy;
			containerPortal = 7C3017091BE862B300A6CD0C /* Alamofire.xcodeproj */;
			proxyType = 1;
			remoteGlobalIDString = F8111E3219A95C8B0040E7D1;
			remoteInfo = "Alamofire iOS";
		};
/* End PBXContainerItemProxy section */

/* Begin PBXCopyFilesBuildPhase section */
		7C6CCB871BE7284600DF130D /* Embed Frameworks */ = {
			isa = PBXCopyFilesBuildPhase;
			buildActionMask = 2147483647;
			dstPath = "";
			dstSubfolderSpec = 10;
			files = (
				7C3017221BE862CB00A6CD0C /* Alamofire.framework in Embed Frameworks */,
			);
			name = "Embed Frameworks";
			runOnlyForDeploymentPostprocessing = 0;
		};
		7C6CCB881BE7284600DF130D /* Embed PlugIns */ = {
			isa = PBXCopyFilesBuildPhase;
			buildActionMask = 2147483647;
			dstPath = "";
			dstSubfolderSpec = 13;
			files = (
			);
			name = "Embed PlugIns";
			runOnlyForDeploymentPostprocessing = 0;
		};
/* End PBXCopyFilesBuildPhase section */

/* Begin PBXFileReference section */
		1F4B9A281BD1FC7500F8F503 /* ValidateUser.swift */ = {isa = PBXFileReference; fileEncoding = 4; lastKnownFileType = sourcecode.swift; path = ValidateUser.swift; sourceTree = "<group>"; };
		1F4B9A2A1BD1FC8E00F8F503 /* SwiftyJSON.swift */ = {isa = PBXFileReference; fileEncoding = 4; lastKnownFileType = sourcecode.swift; path = SwiftyJSON.swift; sourceTree = "<group>"; };
		1FC2A1EE1BEC55D1002D0CF9 /* EventsViewController.swift */ = {isa = PBXFileReference; fileEncoding = 4; lastKnownFileType = sourcecode.swift; path = EventsViewController.swift; sourceTree = "<group>"; };
		1FC400011BCF2F2D006D4A58 /* Info.plist */ = {isa = PBXFileReference; lastKnownFileType = text.plist.xml; path = Info.plist; sourceTree = "<group>"; };
		1FC4FFDA1BCF2F2B006D4A58 /* PartyLister.app */ = {isa = PBXFileReference; explicitFileType = wrapper.application; includeInIndex = 0; path = PartyLister.app; sourceTree = BUILT_PRODUCTS_DIR; };
		1FC4FFDD1BCF2F2B006D4A58 /* AppDelegate.swift */ = {isa = PBXFileReference; lastKnownFileType = sourcecode.swift; path = AppDelegate.swift; sourceTree = "<group>"; };
		1FC4FFDF1BCF2F2B006D4A58 /* EventsDisplayViewController.swift */ = {isa = PBXFileReference; lastKnownFileType = sourcecode.swift; path = EventsDisplayViewController.swift; sourceTree = "<group>"; };
		1FC4FFE41BCF2F2B006D4A58 /* Base */ = {isa = PBXFileReference; lastKnownFileType = file.storyboard; name = Base; path = Base.lproj/Main.storyboard; sourceTree = "<group>"; };
		1FC4FFE61BCF2F2C006D4A58 /* Assets.xcassets */ = {isa = PBXFileReference; lastKnownFileType = folder.assetcatalog; path = Assets.xcassets; sourceTree = "<group>"; };
		1FC4FFE91BCF2F2C006D4A58 /* Base */ = {isa = PBXFileReference; lastKnownFileType = file.storyboard; name = Base; path = Base.lproj/LaunchScreen.storyboard; sourceTree = "<group>"; };
		1FC4FFEB1BCF2F2C006D4A58 /* Info.plist */ = {isa = PBXFileReference; lastKnownFileType = text.plist.xml; path = Info.plist; sourceTree = "<group>"; };
		1FC4FFF01BCF2F2C006D4A58 /* PartyListerTests.xctest */ = {isa = PBXFileReference; explicitFileType = wrapper.cfbundle; includeInIndex = 0; path = PartyListerTests.xctest; sourceTree = BUILT_PRODUCTS_DIR; };
		1FC4FFF41BCF2F2C006D4A58 /* PartyListerTests.swift */ = {isa = PBXFileReference; lastKnownFileType = sourcecode.swift; path = PartyListerTests.swift; sourceTree = "<group>"; };
		1FC4FFF61BCF2F2C006D4A58 /* Info.plist */ = {isa = PBXFileReference; lastKnownFileType = text.plist.xml; path = Info.plist; sourceTree = "<group>"; };
		1FC4FFFB1BCF2F2D006D4A58 /* PartyListerUITests.xctest */ = {isa = PBXFileReference; explicitFileType = wrapper.cfbundle; includeInIndex = 0; path = PartyListerUITests.xctest; sourceTree = BUILT_PRODUCTS_DIR; };
		1FC4FFFF1BCF2F2D006D4A58 /* PartyListerUITests.swift */ = {isa = PBXFileReference; lastKnownFileType = sourcecode.swift; path = PartyListerUITests.swift; sourceTree = "<group>"; };
		1FDCC2031BDD781200688F70 /* Event.swift */ = {isa = PBXFileReference; fileEncoding = 4; lastKnownFileType = sourcecode.swift; path = Event.swift; sourceTree = "<group>"; };
		1FDCC2051BDD7FCB00688F70 /* CreateEventViewController.swift */ = {isa = PBXFileReference; fileEncoding = 4; lastKnownFileType = sourcecode.swift; path = CreateEventViewController.swift; sourceTree = "<group>"; };
		1FDCC2071BDD8B2500688F70 /* LibraryAPI.swift */ = {isa = PBXFileReference; fileEncoding = 4; lastKnownFileType = sourcecode.swift; path = LibraryAPI.swift; sourceTree = "<group>"; };
		1FDCC20B1BDD91ED00688F70 /* PersistencyManager.swift */ = {isa = PBXFileReference; fileEncoding = 4; lastKnownFileType = sourcecode.swift; path = PersistencyManager.swift; sourceTree = "<group>"; };
		1FDCC20D1BDD91FB00688F70 /* HTTPClient.swift */ = {isa = PBXFileReference; fileEncoding = 4; lastKnownFileType = sourcecode.swift; path = HTTPClient.swift; sourceTree = "<group>"; };
		7C3017091BE862B300A6CD0C /* Alamofire.xcodeproj */ = {isa = PBXFileReference; lastKnownFileType = "wrapper.pb-project"; name = Alamofire.xcodeproj; path = Alamofire/Alamofire.xcodeproj; sourceTree = "<group>"; };
		7C6CCB8C1BE733CF00DF130D /* LoginAndNewAccViewController.swift */ = {isa = PBXFileReference; fileEncoding = 4; lastKnownFileType = sourcecode.swift; path = LoginAndNewAccViewController.swift; sourceTree = "<group>"; };
/* End PBXFileReference section */

/* Begin PBXFrameworksBuildPhase section */
		1FC4FFD71BCF2F2A006D4A58 /* Frameworks */ = {
			isa = PBXFrameworksBuildPhase;
			buildActionMask = 2147483647;
			files = (
				7C3017211BE862CB00A6CD0C /* Alamofire.framework in Frameworks */,
			);
			runOnlyForDeploymentPostprocessing = 0;
		};
		1FC4FFED1BCF2F2C006D4A58 /* Frameworks */ = {
			isa = PBXFrameworksBuildPhase;
			buildActionMask = 2147483647;
			files = (
			);
			runOnlyForDeploymentPostprocessing = 0;
		};
		1FC4FFF81BCF2F2D006D4A58 /* Frameworks */ = {
			isa = PBXFrameworksBuildPhase;
			buildActionMask = 2147483647;
			files = (
			);
			runOnlyForDeploymentPostprocessing = 0;
		};
/* End PBXFrameworksBuildPhase section */

/* Begin PBXGroup section */
		1FC4FFD11BCF2F2A006D4A58 = {
			isa = PBXGroup;
			children = (
				7C3017091BE862B300A6CD0C /* Alamofire.xcodeproj */,
				1FC4FFDC1BCF2F2B006D4A58 /* PartyLister */,
				1FC4FFF31BCF2F2C006D4A58 /* PartyListerTests */,
				1FC4FFFE1BCF2F2D006D4A58 /* PartyListerUITests */,
				1FC4FFDB1BCF2F2B006D4A58 /* Products */,
			);
			sourceTree = "<group>";
		};
		1FC4FFDB1BCF2F2B006D4A58 /* Products */ = {
			isa = PBXGroup;
			children = (
				1FC4FFDA1BCF2F2B006D4A58 /* PartyLister.app */,
				1FC4FFF01BCF2F2C006D4A58 /* PartyListerTests.xctest */,
				1FC4FFFB1BCF2F2D006D4A58 /* PartyListerUITests.xctest */,
			);
			name = Products;
			sourceTree = "<group>";
		};
		1FC4FFDC1BCF2F2B006D4A58 /* PartyLister */ = {
			isa = PBXGroup;
			children = (
				1FC4FFDD1BCF2F2B006D4A58 /* AppDelegate.swift */,
				1FDCC1F91BDD773900688F70 /* Main Screens */,
				1FDCC20F1BDD920200688F70 /* API */,
				1FDCC2021BDD77E300688F70 /* EventFiles */,
				1FDCC2001BDD774400688F70 /* SwiftyJSON */,
				1FDCC2011BDD775800688F70 /* Storyboards */,
				1F4B9A281BD1FC7500F8F503 /* ValidateUser.swift */,
				1FC4FFE61BCF2F2C006D4A58 /* Assets.xcassets */,
				1FC4FFEB1BCF2F2C006D4A58 /* Info.plist */,
			);
			path = PartyLister;
			sourceTree = "<group>";
		};
		1FC4FFF31BCF2F2C006D4A58 /* PartyListerTests */ = {
			isa = PBXGroup;
			children = (
				1FC4FFF41BCF2F2C006D4A58 /* PartyListerTests.swift */,
				1FC4FFF61BCF2F2C006D4A58 /* Info.plist */,
			);
			path = PartyListerTests;
			sourceTree = "<group>";
		};
		1FC4FFFE1BCF2F2D006D4A58 /* PartyListerUITests */ = {
			isa = PBXGroup;
			children = (
				1FC4FFFF1BCF2F2D006D4A58 /* PartyListerUITests.swift */,
				1FC400011BCF2F2D006D4A58 /* Info.plist */,
			);
			path = PartyListerUITests;
			sourceTree = "<group>";
		};
		1FDCC1F91BDD773900688F70 /* Main Screens */ = {
			isa = PBXGroup;
			children = (
				1FC4FFDF1BCF2F2B006D4A58 /* EventsDisplayViewController.swift */,
				7C6CCB8C1BE733CF00DF130D /* LoginAndNewAccViewController.swift */,
			);
			name = "Main Screens";
			sourceTree = "<group>";
		};
		1FDCC2001BDD774400688F70 /* SwiftyJSON */ = {
			isa = PBXGroup;
			children = (
				1F4B9A2A1BD1FC8E00F8F503 /* SwiftyJSON.swift */,
			);
			name = SwiftyJSON;
			sourceTree = "<group>";
		};
		1FDCC2011BDD775800688F70 /* Storyboards */ = {
			isa = PBXGroup;
			children = (
				1FC4FFE31BCF2F2B006D4A58 /* Main.storyboard */,
				1FC4FFE81BCF2F2C006D4A58 /* LaunchScreen.storyboard */,
			);
			name = Storyboards;
			sourceTree = "<group>";
		};
		1FDCC2021BDD77E300688F70 /* EventFiles */ = {
			isa = PBXGroup;
			children = (
				1FDCC2031BDD781200688F70 /* Event.swift */,
				1FDCC2051BDD7FCB00688F70 /* CreateEventViewController.swift */,
				1FC2A1EE1BEC55D1002D0CF9 /* EventsViewController.swift */,
			);
			name = EventFiles;
			sourceTree = "<group>";
		};
		1FDCC20F1BDD920200688F70 /* API */ = {
			isa = PBXGroup;
			children = (
				1FDCC20B1BDD91ED00688F70 /* PersistencyManager.swift */,
				1FDCC20D1BDD91FB00688F70 /* HTTPClient.swift */,
				1FDCC2071BDD8B2500688F70 /* LibraryAPI.swift */,
			);
			name = API;
			sourceTree = "<group>";
		};
		7C30170A1BE862B300A6CD0C /* Products */ = {
			isa = PBXGroup;
			children = (
				7C3017141BE862B300A6CD0C /* Alamofire.framework */,
				7C3017161BE862B300A6CD0C /* Alamofire iOS Tests.xctest */,
			);
			name = Products;
			sourceTree = "<group>";
		};
/* End PBXGroup section */

/* Begin PBXNativeTarget section */
		1FC4FFD91BCF2F2A006D4A58 /* PartyLister */ = {
			isa = PBXNativeTarget;
			buildConfigurationList = 1FC400041BCF2F2D006D4A58 /* Build configuration list for PBXNativeTarget "PartyLister" */;
			buildPhases = (
				1FC4FFD61BCF2F2A006D4A58 /* Sources */,
				1FC4FFD71BCF2F2A006D4A58 /* Frameworks */,
				1FC4FFD81BCF2F2A006D4A58 /* Resources */,
				7C6CCB871BE7284600DF130D /* Embed Frameworks */,
				7C6CCB881BE7284600DF130D /* Embed PlugIns */,
			);
			buildRules = (
			);
			dependencies = (
				7C3017241BE862CB00A6CD0C /* PBXTargetDependency */,
			);
			name = PartyLister;
			productName = PartyLister;
			productReference = 1FC4FFDA1BCF2F2B006D4A58 /* PartyLister.app */;
			productType = "com.apple.product-type.application";
		};
		1FC4FFEF1BCF2F2C006D4A58 /* PartyListerTests */ = {
			isa = PBXNativeTarget;
			buildConfigurationList = 1FC400071BCF2F2D006D4A58 /* Build configuration list for PBXNativeTarget "PartyListerTests" */;
			buildPhases = (
				1FC4FFEC1BCF2F2C006D4A58 /* Sources */,
				1FC4FFED1BCF2F2C006D4A58 /* Frameworks */,
				1FC4FFEE1BCF2F2C006D4A58 /* Resources */,
			);
			buildRules = (
			);
			dependencies = (
				1FC4FFF21BCF2F2C006D4A58 /* PBXTargetDependency */,
			);
			name = PartyListerTests;
			productName = PartyListerTests;
			productReference = 1FC4FFF01BCF2F2C006D4A58 /* PartyListerTests.xctest */;
			productType = "com.apple.product-type.bundle.unit-test";
		};
		1FC4FFFA1BCF2F2D006D4A58 /* PartyListerUITests */ = {
			isa = PBXNativeTarget;
			buildConfigurationList = 1FC4000A1BCF2F2D006D4A58 /* Build configuration list for PBXNativeTarget "PartyListerUITests" */;
			buildPhases = (
				1FC4FFF71BCF2F2D006D4A58 /* Sources */,
				1FC4FFF81BCF2F2D006D4A58 /* Frameworks */,
				1FC4FFF91BCF2F2D006D4A58 /* Resources */,
			);
			buildRules = (
			);
			dependencies = (
				1FC4FFFD1BCF2F2D006D4A58 /* PBXTargetDependency */,
			);
			name = PartyListerUITests;
			productName = PartyListerUITests;
			productReference = 1FC4FFFB1BCF2F2D006D4A58 /* PartyListerUITests.xctest */;
			productType = "com.apple.product-type.bundle.ui-testing";
		};
/* End PBXNativeTarget section */

/* Begin PBXProject section */
		1FC4FFD21BCF2F2A006D4A58 /* Project object */ = {
			isa = PBXProject;
			attributes = {
				LastUpgradeCheck = 0700;
				ORGANIZATIONNAME = 583;
				TargetAttributes = {
					1FC4FFD91BCF2F2A006D4A58 = {
						CreatedOnToolsVersion = 7.0.1;
					};
					1FC4FFEF1BCF2F2C006D4A58 = {
						CreatedOnToolsVersion = 7.0.1;
						TestTargetID = 1FC4FFD91BCF2F2A006D4A58;
					};
					1FC4FFFA1BCF2F2D006D4A58 = {
						CreatedOnToolsVersion = 7.0.1;
						TestTargetID = 1FC4FFD91BCF2F2A006D4A58;
					};
				};
			};
			buildConfigurationList = 1FC4FFD51BCF2F2A006D4A58 /* Build configuration list for PBXProject "PartyLister" */;
			compatibilityVersion = "Xcode 3.2";
			developmentRegion = English;
			hasScannedForEncodings = 0;
			knownRegions = (
				en,
				Base,
			);
			mainGroup = 1FC4FFD11BCF2F2A006D4A58;
			productRefGroup = 1FC4FFDB1BCF2F2B006D4A58 /* Products */;
			projectDirPath = "";
			projectReferences = (
				{
					ProductGroup = 7C30170A1BE862B300A6CD0C /* Products */;
					ProjectRef = 7C3017091BE862B300A6CD0C /* Alamofire.xcodeproj */;
				},
			);
			projectRoot = "";
			targets = (
				1FC4FFD91BCF2F2A006D4A58 /* PartyLister */,
				1FC4FFEF1BCF2F2C006D4A58 /* PartyListerTests */,
				1FC4FFFA1BCF2F2D006D4A58 /* PartyListerUITests */,
			);
		};
/* End PBXProject section */

/* Begin PBXReferenceProxy section */
		7C3017141BE862B300A6CD0C /* Alamofire.framework */ = {
			isa = PBXReferenceProxy;
			fileType = wrapper.framework;
			path = Alamofire.framework;
			remoteRef = 7C3017131BE862B300A6CD0C /* PBXContainerItemProxy */;
			sourceTree = BUILT_PRODUCTS_DIR;
		};
		7C3017161BE862B300A6CD0C /* Alamofire iOS Tests.xctest */ = {
			isa = PBXReferenceProxy;
			fileType = wrapper.cfbundle;
			path = "Alamofire iOS Tests.xctest";
			remoteRef = 7C3017151BE862B300A6CD0C /* PBXContainerItemProxy */;
			sourceTree = BUILT_PRODUCTS_DIR;
		};
/* End PBXReferenceProxy section */

/* Begin PBXResourcesBuildPhase section */
		1FC4FFD81BCF2F2A006D4A58 /* Resources */ = {
			isa = PBXResourcesBuildPhase;
			buildActionMask = 2147483647;
			files = (
				1FC4FFEA1BCF2F2C006D4A58 /* LaunchScreen.storyboard in Resources */,
				1FC4FFE71BCF2F2C006D4A58 /* Assets.xcassets in Resources */,
				1FC4FFE51BCF2F2B006D4A58 /* Main.storyboard in Resources */,
			);
			runOnlyForDeploymentPostprocessing = 0;
		};
		1FC4FFEE1BCF2F2C006D4A58 /* Resources */ = {
			isa = PBXResourcesBuildPhase;
			buildActionMask = 2147483647;
			files = (
			);
			runOnlyForDeploymentPostprocessing = 0;
		};
		1FC4FFF91BCF2F2D006D4A58 /* Resources */ = {
			isa = PBXResourcesBuildPhase;
			buildActionMask = 2147483647;
			files = (
			);
			runOnlyForDeploymentPostprocessing = 0;
		};
/* End PBXResourcesBuildPhase section */

/* Begin PBXSourcesBuildPhase section */
		1FC4FFD61BCF2F2A006D4A58 /* Sources */ = {
			isa = PBXSourcesBuildPhase;
			buildActionMask = 2147483647;
			files = (
				1FC2A1EF1BEC55D1002D0CF9 /* EventsViewController.swift in Sources */,
				1FC4FFE01BCF2F2B006D4A58 /* EventsDisplayViewController.swift in Sources */,
				1FC4FFDE1BCF2F2B006D4A58 /* AppDelegate.swift in Sources */,
				1F4B9A2B1BD1FC8E00F8F503 /* SwiftyJSON.swift in Sources */,
				7C6CCB8D1BE733CF00DF130D /* LoginAndNewAccViewController.swift in Sources */,
				1F4B9A291BD1FC7500F8F503 /* ValidateUser.swift in Sources */,
				1FDCC2081BDD8B2500688F70 /* LibraryAPI.swift in Sources */,
				1FDCC20E1BDD91FB00688F70 /* HTTPClient.swift in Sources */,
				1FDCC2041BDD781200688F70 /* Event.swift in Sources */,
				1FDCC2061BDD7FCB00688F70 /* CreateEventViewController.swift in Sources */,
				1FDCC20C1BDD91ED00688F70 /* PersistencyManager.swift in Sources */,
			);
			runOnlyForDeploymentPostprocessing = 0;
		};
		1FC4FFEC1BCF2F2C006D4A58 /* Sources */ = {
			isa = PBXSourcesBuildPhase;
			buildActionMask = 2147483647;
			files = (
				1FC4FFF51BCF2F2C006D4A58 /* PartyListerTests.swift in Sources */,
			);
			runOnlyForDeploymentPostprocessing = 0;
		};
		1FC4FFF71BCF2F2D006D4A58 /* Sources */ = {
			isa = PBXSourcesBuildPhase;
			buildActionMask = 2147483647;
			files = (
				1FC400001BCF2F2D006D4A58 /* PartyListerUITests.swift in Sources */,
			);
			runOnlyForDeploymentPostprocessing = 0;
		};
/* End PBXSourcesBuildPhase section */

/* Begin PBXTargetDependency section */
		1FC4FFF21BCF2F2C006D4A58 /* PBXTargetDependency */ = {
			isa = PBXTargetDependency;
			target = 1FC4FFD91BCF2F2A006D4A58 /* PartyLister */;
			targetProxy = 1FC4FFF11BCF2F2C006D4A58 /* PBXContainerItemProxy */;
		};
		1FC4FFFD1BCF2F2D006D4A58 /* PBXTargetDependency */ = {
			isa = PBXTargetDependency;
			target = 1FC4FFD91BCF2F2A006D4A58 /* PartyLister */;
			targetProxy = 1FC4FFFC1BCF2F2D006D4A58 /* PBXContainerItemProxy */;
		};
		7C3017241BE862CB00A6CD0C /* PBXTargetDependency */ = {
			isa = PBXTargetDependency;
			name = "Alamofire iOS";
			targetProxy = 7C3017231BE862CB00A6CD0C /* PBXContainerItemProxy */;
		};
/* End PBXTargetDependency section */

/* Begin PBXVariantGroup section */
		1FC4FFE31BCF2F2B006D4A58 /* Main.storyboard */ = {
			isa = PBXVariantGroup;
			children = (
				1FC4FFE41BCF2F2B006D4A58 /* Base */,
			);
			name = Main.storyboard;
			sourceTree = "<group>";
		};
		1FC4FFE81BCF2F2C006D4A58 /* LaunchScreen.storyboard */ = {
			isa = PBXVariantGroup;
			children = (
				1FC4FFE91BCF2F2C006D4A58 /* Base */,
			);
			name = LaunchScreen.storyboard;
			sourceTree = "<group>";
		};
/* End PBXVariantGroup section */

/* Begin XCBuildConfiguration section */
		1FC400021BCF2F2D006D4A58 /* Debug */ = {
			isa = XCBuildConfiguration;
			buildSettings = {
				ALWAYS_SEARCH_USER_PATHS = NO;
				CLANG_CXX_LANGUAGE_STANDARD = "gnu++0x";
				CLANG_CXX_LIBRARY = "libc++";
				CLANG_ENABLE_MODULES = YES;
				CLANG_ENABLE_OBJC_ARC = YES;
				CLANG_WARN_BOOL_CONVERSION = YES;
				CLANG_WARN_CONSTANT_CONVERSION = YES;
				CLANG_WARN_DIRECT_OBJC_ISA_USAGE = YES_ERROR;
				CLANG_WARN_EMPTY_BODY = YES;
				CLANG_WARN_ENUM_CONVERSION = YES;
				CLANG_WARN_INT_CONVERSION = YES;
				CLANG_WARN_OBJC_ROOT_CLASS = YES_ERROR;
				CLANG_WARN_UNREACHABLE_CODE = YES;
				CLANG_WARN__DUPLICATE_METHOD_MATCH = YES;
				"CODE_SIGN_IDENTITY[sdk=iphoneos*]" = "iPhone Developer";
				COPY_PHASE_STRIP = NO;
				DEBUG_INFORMATION_FORMAT = dwarf;
				ENABLE_STRICT_OBJC_MSGSEND = YES;
				ENABLE_TESTABILITY = YES;
				GCC_C_LANGUAGE_STANDARD = gnu99;
				GCC_DYNAMIC_NO_PIC = NO;
				GCC_NO_COMMON_BLOCKS = YES;
				GCC_OPTIMIZATION_LEVEL = 0;
				GCC_PREPROCESSOR_DEFINITIONS = (
					"DEBUG=1",
					"$(inherited)",
				);
				GCC_WARN_64_TO_32_BIT_CONVERSION = YES;
				GCC_WARN_ABOUT_RETURN_TYPE = YES_ERROR;
				GCC_WARN_UNDECLARED_SELECTOR = YES;
				GCC_WARN_UNINITIALIZED_AUTOS = YES_AGGRESSIVE;
				GCC_WARN_UNUSED_FUNCTION = YES;
				GCC_WARN_UNUSED_VARIABLE = YES;
				IPHONEOS_DEPLOYMENT_TARGET = 9.0;
				MTL_ENABLE_DEBUG_INFO = YES;
				ONLY_ACTIVE_ARCH = YES;
				SDKROOT = iphoneos;
				SWIFT_OPTIMIZATION_LEVEL = "-Onone";
			};
			name = Debug;
		};
		1FC400031BCF2F2D006D4A58 /* Release */ = {
			isa = XCBuildConfiguration;
			buildSettings = {
				ALWAYS_SEARCH_USER_PATHS = NO;
				CLANG_CXX_LANGUAGE_STANDARD = "gnu++0x";
				CLANG_CXX_LIBRARY = "libc++";
				CLANG_ENABLE_MODULES = YES;
				CLANG_ENABLE_OBJC_ARC = YES;
				CLANG_WARN_BOOL_CONVERSION = YES;
				CLANG_WARN_CONSTANT_CONVERSION = YES;
				CLANG_WARN_DIRECT_OBJC_ISA_USAGE = YES_ERROR;
				CLANG_WARN_EMPTY_BODY = YES;
				CLANG_WARN_ENUM_CONVERSION = YES;
				CLANG_WARN_INT_CONVERSION = YES;
				CLANG_WARN_OBJC_ROOT_CLASS = YES_ERROR;
				CLANG_WARN_UNREACHABLE_CODE = YES;
				CLANG_WARN__DUPLICATE_METHOD_MATCH = YES;
				"CODE_SIGN_IDENTITY[sdk=iphoneos*]" = "iPhone Developer";
				COPY_PHASE_STRIP = NO;
				DEBUG_INFORMATION_FORMAT = "dwarf-with-dsym";
				ENABLE_NS_ASSERTIONS = NO;
				ENABLE_STRICT_OBJC_MSGSEND = YES;
				GCC_C_LANGUAGE_STANDARD = gnu99;
				GCC_NO_COMMON_BLOCKS = YES;
				GCC_WARN_64_TO_32_BIT_CONVERSION = YES;
				GCC_WARN_ABOUT_RETURN_TYPE = YES_ERROR;
				GCC_WARN_UNDECLARED_SELECTOR = YES;
				GCC_WARN_UNINITIALIZED_AUTOS = YES_AGGRESSIVE;
				GCC_WARN_UNUSED_FUNCTION = YES;
				GCC_WARN_UNUSED_VARIABLE = YES;
				IPHONEOS_DEPLOYMENT_TARGET = 9.0;
				MTL_ENABLE_DEBUG_INFO = NO;
				SDKROOT = iphoneos;
				VALIDATE_PRODUCT = YES;
			};
			name = Release;
		};
		1FC400051BCF2F2D006D4A58 /* Debug */ = {
			isa = XCBuildConfiguration;
			buildSettings = {
				ASSETCATALOG_COMPILER_APPICON_NAME = AppIcon;
				CODE_SIGN_IDENTITY = "iPhone Developer";
				CONFIGURATION_BUILD_DIR = "$(BUILD_DIR)/$(CONFIGURATION)$(EFFECTIVE_PLATFORM_NAME)";
				EMBEDDED_CONTENT_CONTAINS_SWIFT = YES;
				INFOPLIST_FILE = PartyLister/info.plist;
				IPHONEOS_DEPLOYMENT_TARGET = 9.0;
				LD_RUNPATH_SEARCH_PATHS = "$(inherited) @executable_path/Frameworks";
				PRODUCT_BUNDLE_IDENTIFIER = com.583.PartyLister;
				PRODUCT_NAME = "$(TARGET_NAME)";
			};
			name = Debug;
		};
		1FC400061BCF2F2D006D4A58 /* Release */ = {
			isa = XCBuildConfiguration;
			buildSettings = {
				ASSETCATALOG_COMPILER_APPICON_NAME = AppIcon;
				CODE_SIGN_IDENTITY = "iPhone Developer";
				CONFIGURATION_BUILD_DIR = "$(BUILD_DIR)/$(CONFIGURATION)$(EFFECTIVE_PLATFORM_NAME)";
				EMBEDDED_CONTENT_CONTAINS_SWIFT = YES;
				INFOPLIST_FILE = PartyLister/info.plist;
				IPHONEOS_DEPLOYMENT_TARGET = 9.0;
				LD_RUNPATH_SEARCH_PATHS = "$(inherited) @executable_path/Frameworks";
				PRODUCT_BUNDLE_IDENTIFIER = com.583.PartyLister;
				PRODUCT_NAME = "$(TARGET_NAME)";
			};
			name = Release;
		};
		1FC400081BCF2F2D006D4A58 /* Debug */ = {
			isa = XCBuildConfiguration;
			buildSettings = {
				BUNDLE_LOADER = "$(TEST_HOST)";
				INFOPLIST_FILE = PartyListerTests/Info.plist;
				LD_RUNPATH_SEARCH_PATHS = "$(inherited) @executable_path/Frameworks @loader_path/Frameworks";
				PRODUCT_BUNDLE_IDENTIFIER = com.583.PartyListerTests;
				PRODUCT_NAME = "$(TARGET_NAME)";
				TEST_HOST = "$(BUILT_PRODUCTS_DIR)/PartyLister.app/PartyLister";
			};
			name = Debug;
		};
		1FC400091BCF2F2D006D4A58 /* Release */ = {
			isa = XCBuildConfiguration;
			buildSettings = {
				BUNDLE_LOADER = "$(TEST_HOST)";
				INFOPLIST_FILE = PartyListerTests/Info.plist;
				LD_RUNPATH_SEARCH_PATHS = "$(inherited) @executable_path/Frameworks @loader_path/Frameworks";
				PRODUCT_BUNDLE_IDENTIFIER = com.583.PartyListerTests;
				PRODUCT_NAME = "$(TARGET_NAME)";
				TEST_HOST = "$(BUILT_PRODUCTS_DIR)/PartyLister.app/PartyLister";
			};
			name = Release;
		};
		1FC4000B1BCF2F2D006D4A58 /* Debug */ = {
			isa = XCBuildConfiguration;
			buildSettings = {
				INFOPLIST_FILE = PartyListerUITests/Info.plist;
				LD_RUNPATH_SEARCH_PATHS = "$(inherited) @executable_path/Frameworks @loader_path/Frameworks";
				PRODUCT_BUNDLE_IDENTIFIER = com.583.PartyListerUITests;
				PRODUCT_NAME = "$(TARGET_NAME)";
				TEST_TARGET_NAME = PartyLister;
				USES_XCTRUNNER = YES;
			};
			name = Debug;
		};
		1FC4000C1BCF2F2D006D4A58 /* Release */ = {
			isa = XCBuildConfiguration;
			buildSettings = {
				INFOPLIST_FILE = PartyListerUITests/Info.plist;
				LD_RUNPATH_SEARCH_PATHS = "$(inherited) @executable_path/Frameworks @loader_path/Frameworks";
				PRODUCT_BUNDLE_IDENTIFIER = com.583.PartyListerUITests;
				PRODUCT_NAME = "$(TARGET_NAME)";
				TEST_TARGET_NAME = PartyLister;
				USES_XCTRUNNER = YES;
			};
			name = Release;
		};
/* End XCBuildConfiguration section */

/* Begin XCConfigurationList section */
		1FC400041BCF2F2D006D4A58 /* Build configuration list for PBXNativeTarget "PartyLister" */ = {
			isa = XCConfigurationList;
			buildConfigurations = (
				1FC400051BCF2F2D006D4A58 /* Debug */,
				1FC400061BCF2F2D006D4A58 /* Release */,
			);
			defaultConfigurationIsVisible = 0;
			defaultConfigurationName = Release;
		};
		1FC400071BCF2F2D006D4A58 /* Build configuration list for PBXNativeTarget "PartyListerTests" */ = {
			isa = XCConfigurationList;
			buildConfigurations = (
				1FC400081BCF2F2D006D4A58 /* Debug */,
				1FC400091BCF2F2D006D4A58 /* Release */,
			);
			defaultConfigurationIsVisible = 0;
			defaultConfigurationName = Release;
		};
		1FC4000A1BCF2F2D006D4A58 /* Build configuration list for PBXNativeTarget "PartyListerUITests" */ = {
			isa = XCConfigurationList;
			buildConfigurations = (
				1FC4000B1BCF2F2D006D4A58 /* Debug */,
				1FC4000C1BCF2F2D006D4A58 /* Release */,
			);
			defaultConfigurationIsVisible = 0;
			defaultConfigurationName = Release;
		};
		1FC4FFD51BCF2F2A006D4A58 /* Build configuration list for PBXProject "PartyLister" */ = {
			isa = XCConfigurationList;
			buildConfigurations = (
				1FC400021BCF2F2D006D4A58 /* Debug */,
				1FC400031BCF2F2D006D4A58 /* Release */,
			);
			defaultConfigurationIsVisible = 0;
			defaultConfigurationName = Release;
		};
/* End XCConfigurationList section */
	};
	rootObject = 1FC4FFD21BCF2F2A006D4A58 /* Project object */;
}
